# This file is generated by running "yarn install" inside your project.
# Manual changes might be lost - proceed with caution!

__metadata:
  version: 6
  cacheKey: 8

"rescript-playground@workspace:.":
  version: 0.0.0-use.local
  resolution: "rescript-playground@workspace:."
  dependencies:
    rescript: ^10.0.1
  languageName: unknown
  linkType: soft

"rescript@npm:^10.0.1":
  version: 10.0.1
  resolution: "rescript@npm:10.0.1"
  bin:
    bsc: bsc
    bsrefmt: bsrefmt
    bstracing: lib/bstracing
    rescript: rescript
  checksum: 59ae153c7f6c8ab7130becffc0ae6bcf0cfb21517ff6587548d74ed68fcd5f4e48f14e5de823f71edbc4d0f65b629c132d2a553467bd7c8c2f31ed9d5fb2881c
  languageName: node
  linkType: hard
